DEPENDENCIES
  nginx-cookbook
    git: git@github.com:ryanlecoutresparta/nginx-cookbook.git
    revision: bacece84f20dc5f67197366321a4f98338af863f
  python_cookbook
    git: git@github.com:DavidSIJames/Sparta_uber_project_Python_cookbook.git
    revision: d8882f481836428d1124572c696c0df1c95fa145

GRAPH
  nginx-cookbook (0.1.0)
  python_cookbook (0.1.0)
