DEPENDENCIES
  nginx-cookbook
    git: git@github.com:ryanlecoutresparta/nginx-cookbook.git
    revision: 1969525da0110efb562bf8b730685a3df5a7fe64
  python_cookbook
    git: git@github.com:DavidSIJames/Sparta_uber_project_Python_cookbook.git
    revision: 78de9b9cc9a89973568f1dc41d32319983b84a45

GRAPH
  nginx-cookbook (0.1.0)
  python_cookbook (0.1.0)
